
Microsoft Visual Studio Solution File, Format Version 12.00
# Visual Studio Version 17
VisualStudioVersion = 17.5.33502.453
MinimumVisualStudioVersion = 10.0.40219.1
Project("{FAE04EC0-301F-11D3-BF4B-00C04F79EFBC}") = "SearchGallery", "SearchGallery.csproj", "{F0D8A570-FB59-4CF9-885D-25AE219D2E55}"
EndProject
Global
	GlobalSection(SolutionConfigurationPlatforms) = preSolution
		Debug|Any CPU = Debug|Any CPU
		Release|Any CPU = Release|Any CPU
	EndGlobalSection
	GlobalSection(ProjectConfigurationPlatforms) = postSolution
		{F0D8A570-FB59-4CF9-885D-25AE219D2E55}.Debug|Any CPU.ActiveCfg = Debug|Any CPU
		{F0D8A570-FB59-4CF9-885D-25AE219D2E55}.Debug|Any CPU.Build.0 = Debug|Any CPU
		{F0D8A570-FB59-4CF9-885D-25AE219D2E55}.Release|Any CPU.ActiveCfg = Release|Any CPU
		{F0D8A570-FB59-4CF9-885D-25AE219D2E55}.Release|Any CPU.Build.0 = Release|Any CPU
	EndGlobalSection
	GlobalSection(SolutionProperties) = preSolution
		HideSolutionNode = FALSE
	EndGlobalSection
	GlobalSection(ExtensibilityGlobals) = postSolution
		SolutionGuid = {1E7786F7-09C3-4E92-93A7-86DEEDE1C801}
	EndGlobalSection
EndGlobal
