
Microsoft Visual Studio Solution File, Format Version 12.00
# Visual Studio Version 17
VisualStudioVersion = 17.5.33502.453
MinimumVisualStudioVersion = 10.0.40219.1
Project("{FAE04EC0-301F-11D3-BF4B-00C04F79EFBC}") = "SearchGallery.Api", "SearchGallery.Api\SearchGallery.Api.csproj", "{2A69BAE1-DB64-4AAF-B3F9-9ECF2E39CADF}"
EndProject
Project("{FAE04EC0-301F-11D3-BF4B-00C04F79EFBC}") = "SearchGallery.Persistence", "SearchGallery.Persistence\SearchGallery.Persistence.csproj", "{635ADA17-0ED6-4533-A044-A9CA0E0538C3}"
EndProject
Global
	GlobalSection(SolutionConfigurationPlatforms) = preSolution
		Debug|Any CPU = Debug|Any CPU
		Release|Any CPU = Release|Any CPU
	EndGlobalSection
	GlobalSection(ProjectConfigurationPlatforms) = postSolution
		{2A69BAE1-DB64-4AAF-B3F9-9ECF2E39CADF}.Debug|Any CPU.ActiveCfg = Debug|Any CPU
		{2A69BAE1-DB64-4AAF-B3F9-9ECF2E39CADF}.Debug|Any CPU.Build.0 = Debug|Any CPU
		{2A69BAE1-DB64-4AAF-B3F9-9ECF2E39CADF}.Release|Any CPU.ActiveCfg = Release|Any CPU
		{2A69BAE1-DB64-4AAF-B3F9-9ECF2E39CADF}.Release|Any CPU.Build.0 = Release|Any CPU
		{635ADA17-0ED6-4533-A044-A9CA0E0538C3}.Debug|Any CPU.ActiveCfg = Debug|Any CPU
		{635ADA17-0ED6-4533-A044-A9CA0E0538C3}.Debug|Any CPU.Build.0 = Debug|Any CPU
		{635ADA17-0ED6-4533-A044-A9CA0E0538C3}.Release|Any CPU.ActiveCfg = Release|Any CPU
		{635ADA17-0ED6-4533-A044-A9CA0E0538C3}.Release|Any CPU.Build.0 = Release|Any CPU
	EndGlobalSection
	GlobalSection(SolutionProperties) = preSolution
		HideSolutionNode = FALSE
	EndGlobalSection
	GlobalSection(ExtensibilityGlobals) = postSolution
		SolutionGuid = {1E7786F7-09C3-4E92-93A7-86DEEDE1C801}
	EndGlobalSection
EndGlobal
